<?xml version="1.0" encoding="utf-8"?>
<Project ToolsVersion="4.0" xmlns="http://schemas.microsoft.com/developer/msbuild/2003">
  <ItemGroup>
    <Filter Include="External">
      <UniqueIdentifier>{67DA6AB6-F800-4c08-8B7A-83BB121AAD01}</UniqueIdentifier>
      <Extensions>rc;ico;cur;bmp;dlg;rc2;rct;bin;rgs;gif;jpg;jpeg;jpe;resx;tiff;tif;png;wav;mfcribbon-ms</Extensions>
    </Filter>
    <Filter Include="Source">
      <UniqueIdentifier>{4FC737F1-C7A5-4376-A066-2A32D752A2FF}</UniqueIdentifier>
      <Extensions>cpp;c;cc;cxx;def;odl;idl;hpj;bat;asm;asmx</Extensions>
    </Filter>
    <Filter Include="External\imgui-docking">
      <UniqueIdentifier>{c85446c9-90d2-4441-add5-5aac511d95ce}</UniqueIdentifier>
    </Filter>
    <Filter Include="Shader">
      <UniqueIdentifier>{9f64f4ff-d9e0-43d7-88e1-13e6d3656a89}</UniqueIdentifier>
      <Extensions>hlsl;hlsli</Extensions>
    </Filter>
    <Filter Include="Source\System">
      <UniqueIdentifier>{bdca9bd5-7c86-4bde-986d-9cf51f91eb5a}</UniqueIdentifier>
    </Filter>
    <Filter Include="Source\Utillity">
      <UniqueIdentifier>{dada174b-415a-438c-9799-52832a25813b}</UniqueIdentifier>
    </Filter>
    <Filter Include="Source\Projectile">
      <UniqueIdentifier>{39b28f0a-5604-4bb3-ab06-7a891f6fd9a5}</UniqueIdentifier>
    </Filter>
    <Filter Include="Source\Core Engine">
      <UniqueIdentifier>{8c41f471-769d-4dd0-870a-9de4a2b9dd32}</UniqueIdentifier>
    </Filter>
    <Filter Include="Source\Graphics &amp; Inputs">
      <UniqueIdentifier>{be5b032a-d9ed-4d7f-99dd-73d0f26b3845}</UniqueIdentifier>
    </Filter>
    <Filter Include="Source\Gameplay Entities">
      <UniqueIdentifier>{072d32d1-97dc-4edc-bc70-77c1c4df4578}</UniqueIdentifier>
    </Filter>
    <Filter Include="Source\Gameplay Entities\Enemy">
      <UniqueIdentifier>{b656a90b-7f5e-4541-9e2c-d982d5557fb6}</UniqueIdentifier>
    </Filter>
    <Filter Include="Source\Stage/Environtment">
      <UniqueIdentifier>{aecc7a1b-0fd8-4ce3-b0f0-9f2d739f088b}</UniqueIdentifier>
    </Filter>
    <Filter Include="Source\Scenes">
      <UniqueIdentifier>{935f9aec-4074-448f-926b-1bad19f8bd94}</UniqueIdentifier>
    </Filter>
    <Filter Include="Source\Transitions">
      <UniqueIdentifier>{40375423-e9d4-40a0-87ff-041f26a93c73}</UniqueIdentifier>
    </Filter>
    <Filter Include="Source\FSM">
      <UniqueIdentifier>{ce7cb79c-3267-47cb-ba1e-f9dadd67d09c}</UniqueIdentifier>
    </Filter>
    <Filter Include="Source\Player">
      <UniqueIdentifier>{499e5d45-d6db-482a-926d-4ec1516ce323}</UniqueIdentifier>
    </Filter>
  </ItemGroup>
  <ItemGroup>
    <ClInclude Include="External\imgui-docking\imconfig.h">
      <Filter>External\imgui-docking</Filter>
    </ClInclude>
    <ClInclude Include="External\imgui-docking\imgui.h">
      <Filter>External\imgui-docking</Filter>
    </ClInclude>
    <ClInclude Include="External\imgui-docking\imgui_impl_dx11.h">
      <Filter>External\imgui-docking</Filter>
    </ClInclude>
    <ClInclude Include="External\imgui-docking\imgui_impl_win32.h">
      <Filter>External\imgui-docking</Filter>
    </ClInclude>
    <ClInclude Include="External\imgui-docking\imgui_internal.h">
      <Filter>External\imgui-docking</Filter>
    </ClInclude>
    <ClInclude Include="External\imgui-docking\imstb_rectpack.h">
      <Filter>External\imgui-docking</Filter>
    </ClInclude>
    <ClInclude Include="External\imgui-docking\imstb_textedit.h">
      <Filter>External\imgui-docking</Filter>
    </ClInclude>
    <ClInclude Include="External\imgui-docking\imstb_truetype.h">
      <Filter>External\imgui-docking</Filter>
    </ClInclude>
    <ClInclude Include="Source\System\Audio.h">
      <Filter>Source\System</Filter>
    </ClInclude>
    <ClInclude Include="Source\System\AudioResource.h">
      <Filter>Source\System</Filter>
    </ClInclude>
    <ClInclude Include="Source\System\AudioSource.h">
      <Filter>Source\System</Filter>
    </ClInclude>
    <ClInclude Include="Source\System\BasicShader.h">
      <Filter>Source\System</Filter>
    </ClInclude>
    <ClInclude Include="Source\System\GamePad.h">
      <Filter>Source\System</Filter>
    </ClInclude>
    <ClInclude Include="Source\System\GpuResourceUtils.h">
      <Filter>Source\System</Filter>
    </ClInclude>
    <ClInclude Include="Source\System\Graphics.h">
      <Filter>Source\System</Filter>
    </ClInclude>
    <ClInclude Include="Source\System\HighResolutionTimer.h">
      <Filter>Source\System</Filter>
    </ClInclude>
    <ClInclude Include="Source\System\ImGuiRenderer.h">
      <Filter>Source\System</Filter>
    </ClInclude>
    <ClInclude Include="Source\System\Input.h">
      <Filter>Source\System</Filter>
    </ClInclude>
    <ClInclude Include="Source\System\LambertShader.h">
      <Filter>Source\System</Filter>
    </ClInclude>
    <ClInclude Include="Source\System\Misc.h">
      <Filter>Source\System</Filter>
    </ClInclude>
    <ClInclude Include="Source\System\Model.h">
      <Filter>Source\System</Filter>
    </ClInclude>
    <ClInclude Include="Source\System\ModelRenderer.h">
      <Filter>Source\System</Filter>
    </ClInclude>
    <ClInclude Include="Source\System\ModelResource.h">
      <Filter>Source\System</Filter>
    </ClInclude>
    <ClInclude Include="Source\System\Mouse.h">
      <Filter>Source\System</Filter>
    </ClInclude>
    <ClInclude Include="Source\System\RenderContext.h">
      <Filter>Source\System</Filter>
    </ClInclude>
    <ClInclude Include="Source\System\RenderState.h">
      <Filter>Source\System</Filter>
    </ClInclude>
    <ClInclude Include="Source\System\Shader.h">
      <Filter>Source\System</Filter>
    </ClInclude>
    <ClInclude Include="Source\System\ShapeRenderer.h">
      <Filter>Source\System</Filter>
    </ClInclude>
    <ClInclude Include="Source\System\Sprite.h">
      <Filter>Source\System</Filter>
    </ClInclude>
    <ClInclude Include="Source\SceneGame.h">
      <Filter>Source\Scenes</Filter>
    </ClInclude>
    <ClInclude Include="Source\Stage.h">
      <Filter>Source\Stage/Environtment</Filter>
    </ClInclude>
    <ClInclude Include="Source\System\Collision.h">
      <Filter>Source\System</Filter>
    </ClInclude>
    <ClInclude Include="Source\Enemy.h">
      <Filter>Source\Gameplay Entities\Enemy</Filter>
    </ClInclude>
    <ClInclude Include="Source\EnemyManager.h">
      <Filter>Source\Gameplay Entities\Enemy</Filter>
    </ClInclude>
    <ClInclude Include="Source\EnemySlime.h">
      <Filter>Source\Gameplay Entities\Enemy</Filter>
    </ClInclude>
    <ClInclude Include="Source\Projectile.h">
      <Filter>Source\Projectile</Filter>
    </ClInclude>
    <ClInclude Include="Source\ProjectileManager.h">
      <Filter>Source\Projectile</Filter>
    </ClInclude>
    <ClInclude Include="Source\ProjectileStraight.h">
      <Filter>Source\Projectile</Filter>
    </ClInclude>
    <ClInclude Include="Source\Framework.h">
      <Filter>Source\Core Engine</Filter>
    </ClInclude>
    <ClInclude Include="Source\Camera.h">
      <Filter>Source\Graphics &amp; Inputs</Filter>
    </ClInclude>
    <ClInclude Include="Source\CameraController.h">
      <Filter>Source\Graphics &amp; Inputs</Filter>
    </ClInclude>
    <ClInclude Include="Source\Character.h">
      <Filter>Source\Gameplay Entities</Filter>
    </ClInclude>
    <ClInclude Include="Source\Collisions.h">
      <Filter>Source\Utillity</Filter>
    </ClInclude>
    <ClInclude Include="Source\SceneTitle.h">
      <Filter>Source\Scenes</Filter>
    </ClInclude>
    <ClInclude Include="Source\SceneManager.h">
      <Filter>Source\Scenes</Filter>
    </ClInclude>
    <ClInclude Include="Source\Scene.h">
      <Filter>Source\Scenes</Filter>
    </ClInclude>
    <ClInclude Include="Source\SceneLoading.h">
      <Filter>Source\Scenes</Filter>
    </ClInclude>
    <ClInclude Include="Source\IState.h">
      <Filter>Source\FSM</Filter>
    </ClInclude>
    <ClInclude Include="Source\StateMachine.h">
      <Filter>Source\FSM</Filter>
    </ClInclude>
    <ClInclude Include="Source\Player.h">
      <Filter>Source\Player</Filter>
    </ClInclude>
    <ClInclude Include="Source\PlayerState_Idle.h">
      <Filter>Source\Player</Filter>
    </ClInclude>
    <ClInclude Include="Source\PlayerState_Run.h">
      <Filter>Source\Player</Filter>
    </ClInclude>
  </ItemGroup>
  <ItemGroup>
    <ClCompile Include="External\imgui-docking\imgui.cpp">
      <Filter>External\imgui-docking</Filter>
    </ClCompile>
    <ClCompile Include="External\imgui-docking\imgui_demo.cpp">
      <Filter>External\imgui-docking</Filter>
    </ClCompile>
    <ClCompile Include="External\imgui-docking\imgui_draw.cpp">
      <Filter>External\imgui-docking</Filter>
    </ClCompile>
    <ClCompile Include="External\imgui-docking\imgui_impl_dx11.cpp">
      <Filter>External\imgui-docking</Filter>
    </ClCompile>
    <ClCompile Include="External\imgui-docking\imgui_impl_win32.cpp">
      <Filter>External\imgui-docking</Filter>
    </ClCompile>
    <ClCompile Include="External\imgui-docking\imgui_widgets.cpp">
      <Filter>External\imgui-docking</Filter>
    </ClCompile>
    <ClCompile Include="Source\System\Audio.cpp">
      <Filter>Source\System</Filter>
    </ClCompile>
    <ClCompile Include="Source\System\AudioResource.cpp">
      <Filter>Source\System</Filter>
    </ClCompile>
    <ClCompile Include="Source\System\AudioSource.cpp">
      <Filter>Source\System</Filter>
    </ClCompile>
    <ClCompile Include="Source\System\BasicShader.cpp">
      <Filter>Source\System</Filter>
    </ClCompile>
    <ClCompile Include="Source\System\GamePad.cpp">
      <Filter>Source\System</Filter>
    </ClCompile>
    <ClCompile Include="Source\System\GpuResourceUtils.cpp">
      <Filter>Source\System</Filter>
    </ClCompile>
    <ClCompile Include="Source\System\Graphics.cpp">
      <Filter>Source\System</Filter>
    </ClCompile>
    <ClCompile Include="Source\System\ImGuiRenderer.cpp">
      <Filter>Source\System</Filter>
    </ClCompile>
    <ClCompile Include="Source\System\Input.cpp">
      <Filter>Source\System</Filter>
    </ClCompile>
    <ClCompile Include="Source\System\LambertShader.cpp">
      <Filter>Source\System</Filter>
    </ClCompile>
    <ClCompile Include="Source\System\Model.cpp">
      <Filter>Source\System</Filter>
    </ClCompile>
    <ClCompile Include="Source\System\ModelRenderer.cpp">
      <Filter>Source\System</Filter>
    </ClCompile>
    <ClCompile Include="Source\System\ModelResource.cpp">
      <Filter>Source\System</Filter>
    </ClCompile>
    <ClCompile Include="Source\System\Mouse.cpp">
      <Filter>Source\System</Filter>
    </ClCompile>
    <ClCompile Include="Source\System\RenderState.cpp">
      <Filter>Source\System</Filter>
    </ClCompile>
    <ClCompile Include="Source\System\ShapeRenderer.cpp">
      <Filter>Source\System</Filter>
    </ClCompile>
    <ClCompile Include="Source\System\Sprite.cpp">
      <Filter>Source\System</Filter>
    </ClCompile>
    <ClCompile Include="Source\SceneGame.cpp">
      <Filter>Source\Scenes</Filter>
    </ClCompile>
    <ClCompile Include="Source\Stage.cpp">
      <Filter>Source\Stage/Environtment</Filter>
    </ClCompile>
    <ClCompile Include="Source\System\Collision.cpp">
      <Filter>Source\System</Filter>
    </ClCompile>
    <ClCompile Include="Source\EnemyManager.cpp">
      <Filter>Source\Gameplay Entities\Enemy</Filter>
    </ClCompile>
    <ClCompile Include="Source\EnemySlime.cpp">
      <Filter>Source\Gameplay Entities\Enemy</Filter>
    </ClCompile>
    <ClCompile Include="Source\Projectile.cpp">
      <Filter>Source\Projectile</Filter>
    </ClCompile>
    <ClCompile Include="Source\ProjectileManager.cpp">
      <Filter>Source\Projectile</Filter>
    </ClCompile>
    <ClCompile Include="Source\ProjectileStraight.cpp">
      <Filter>Source\Projectile</Filter>
    </ClCompile>
    <ClCompile Include="Source\Enemy.cpp">
      <Filter>Source\Gameplay Entities\Enemy</Filter>
    </ClCompile>
    <ClCompile Include="Source\Framework.cpp">
      <Filter>Source\Core Engine</Filter>
    </ClCompile>
    <ClCompile Include="Source\Main.cpp">
      <Filter>Source\Core Engine</Filter>
    </ClCompile>
    <ClCompile Include="Source\Camera.cpp">
      <Filter>Source\Graphics &amp; Inputs</Filter>
    </ClCompile>
    <ClCompile Include="Source\CameraController.cpp">
      <Filter>Source\Graphics &amp; Inputs</Filter>
    </ClCompile>
    <ClCompile Include="Source\Character.cpp">
      <Filter>Source\Gameplay Entities</Filter>
    </ClCompile>
    <ClCompile Include="Source\Collisions.cpp">
      <Filter>Source\Utillity</Filter>
    </ClCompile>
    <ClCompile Include="Source\SceneTitle.cpp">
      <Filter>Source\Scenes</Filter>
    </ClCompile>
    <ClCompile Include="Source\SceneManager.cpp">
      <Filter>Source\Scenes</Filter>
    </ClCompile>
    <ClCompile Include="Source\SceneLoading.cpp">
      <Filter>Source\Scenes</Filter>
    </ClCompile>
    <ClCompile Include="Source\StateMachine.cpp">
      <Filter>Source\FSM</Filter>
    </ClCompile>
    <ClCompile Include="Source\Player.cpp">
      <Filter>Source\Player</Filter>
    </ClCompile>
    <ClCompile Include="Source\PlayerState_Idle.cpp">
      <Filter>Source\Player</Filter>
    </ClCompile>
    <ClCompile Include="Source\PlayerState_Run.cpp">
      <Filter>Source\Player</Filter>
    </ClCompile>
  </ItemGroup>
  <ItemGroup>
    <None Include="Shader\Sprite.hlsli">
      <Filter>Shader</Filter>
    </None>
    <None Include="Shader\ShapeRenderer.hlsli">
      <Filter>Shader</Filter>
    </None>
    <None Include="Shader\Skinning.hlsli">
      <Filter>Shader</Filter>
    </None>
    <None Include="Shader\PrimitiveRenderer.hlsli">
      <Filter>Shader</Filter>
    </None>
    <None Include="Shader\Basic.hlsli">
      <Filter>Shader</Filter>
    </None>
    <None Include="Shader\Lambert.hlsli">
      <Filter>Shader</Filter>
    </None>
    <None Include="Shader\Scene.hlsli">
      <Filter>Shader</Filter>
    </None>
  </ItemGroup>
  <ItemGroup>
    <FxCompile Include="Shader\SpriteVS.hlsl">
      <Filter>Shader</Filter>
    </FxCompile>
    <FxCompile Include="Shader\SpritePS.hlsl">
      <Filter>Shader</Filter>
    </FxCompile>
    <FxCompile Include="Shader\ShapeRendererVS.hlsl">
      <Filter>Shader</Filter>
    </FxCompile>
    <FxCompile Include="Shader\ShapeRendererPS.hlsl">
      <Filter>Shader</Filter>
    </FxCompile>
    <FxCompile Include="Shader\PrimitiveRendererVS.hlsl">
      <Filter>Shader</Filter>
    </FxCompile>
    <FxCompile Include="Shader\PrimitiveRendererPS.hlsl">
      <Filter>Shader</Filter>
    </FxCompile>
    <FxCompile Include="Shader\BasicPS.hlsl">
      <Filter>Shader</Filter>
    </FxCompile>
    <FxCompile Include="Shader\BasicVS.hlsl">
      <Filter>Shader</Filter>
    </FxCompile>
    <FxCompile Include="Shader\LambertPS.hlsl">
      <Filter>Shader</Filter>
    </FxCompile>
    <FxCompile Include="Shader\LambertVS.hlsl">
      <Filter>Shader</Filter>
    </FxCompile>
  </ItemGroup>
</Project>